<?xml version="1.0" encoding="utf-8"?>
<Project ToolsVersion="4.0" xmlns="http://schemas.microsoft.com/developer/msbuild/2003">
<ItemGroup>
<Filter Include="code">
<UniqueIdentifier>{cf162038-ec02-32ca-94b6-8c927f3cfc25}</UniqueIdentifier></Filter>
<Filter Include="code\common">
<UniqueIdentifier>{58e986a2-7e7e-314b-93a5-53c87fc426e3}</UniqueIdentifier></Filter>
<Filter Include="code\hevc_enc">
<UniqueIdentifier>{0ee6e19f-aa96-38d6-997f-98e0dbc14753}</UniqueIdentifier></Filter>
<Filter Include="code\hevc_enc\x265">
<UniqueIdentifier>{e1452cb9-ecb2-358d-ab30-218a4e0887e6}</UniqueIdentifier></Filter>
<Filter Include="code\hevc_enc\x265\src">
<UniqueIdentifier>{60b59b8d-0b17-30f0-9cf6-81d39a4550c1}</UniqueIdentifier></Filter></ItemGroup>
<ItemGroup>
<ClCompile Include="..\..\..\src\hevc_enc_x265.cpp">
<Filter>code\hevc_enc\x265\src</Filter></ClCompile>
<ClCompile Include="..\..\..\src\hevc_enc_x265_utils.cpp">
<Filter>code\hevc_enc\x265\src</Filter></ClCompile></ItemGroup>
<ItemGroup>
<ClInclude Include="..\..\..\..\..\common\common.h">
<Filter>code\common</Filter></ClInclude>
<ClInclude Include="..\..\..\..\hevc_enc_api.h">
<Filter>code\hevc_enc</Filter></ClInclude>
<ClInclude Include="..\..\..\src\hevc_enc_x265_utils.h">
<Filter>code\hevc_enc\x265\src</Filter></ClInclude></ItemGroup>
<ItemGroup />
<ItemGroup />
<ItemGroup />
<ItemGroup /></Project>
