<?xml version="1.0" encoding="utf-8"?>
<Project ToolsVersion="4.0" xmlns="http://schemas.microsoft.com/developer/msbuild/2003">
<ItemGroup>
<Filter Include="code">
<UniqueIdentifier>{cf162038-ec02-32ca-94b6-8c927f3cfc25}</UniqueIdentifier></Filter>
<Filter Include="code\common">
<UniqueIdentifier>{58e986a2-7e7e-314b-93a5-53c87fc426e3}</UniqueIdentifier></Filter>
<Filter Include="code\hevc_dec">
<UniqueIdentifier>{9f1861c0-4f00-353a-af6e-9d424207b525}</UniqueIdentifier></Filter>
<Filter Include="code\hevc_dec\beamr">
<UniqueIdentifier>{5acaa4f9-410b-372a-8b04-de46bd8a25ed}</UniqueIdentifier></Filter>
<Filter Include="code\hevc_dec\beamr\make">
<UniqueIdentifier>{a48cef9a-8cfe-37ad-839c-b94b45217454}</UniqueIdentifier></Filter>
<Filter Include="code\hevc_dec\beamr\make\$(BEAMR_SDK)">
<UniqueIdentifier>{b5d60b71-6aae-3f00-a46b-ba037cad7f8a}</UniqueIdentifier></Filter>
<Filter Include="code\hevc_dec\beamr\make\$(BEAMR_SDK)\common_primitives">
<UniqueIdentifier>{8be02353-eeb1-335f-acf5-aa655d6f3181}</UniqueIdentifier></Filter>
<Filter Include="code\hevc_dec\beamr\make\$(BEAMR_SDK)\common_primitives\src">
<UniqueIdentifier>{d51f0d41-fb59-37fc-bd4f-3ff3f02805a1}</UniqueIdentifier></Filter>
<Filter Include="code\hevc_dec\beamr\src">
<UniqueIdentifier>{f2aa8b58-fbf1-3505-8b34-f2c585325db9}</UniqueIdentifier></Filter></ItemGroup>
<ItemGroup>
<ClCompile Include="..\..\$(BEAMR_SDK)\common_primitives\src\AllocationPool.cpp">
<Filter>code\hevc_dec\beamr\make\$(BEAMR_SDK)\common_primitives\src</Filter></ClCompile>
<ClCompile Include="..\..\$(BEAMR_SDK)\common_primitives\src\vh3_default_callbacks.cpp">
<Filter>code\hevc_dec\beamr\make\$(BEAMR_SDK)\common_primitives\src</Filter></ClCompile>
<ClCompile Include="..\..\$(BEAMR_SDK)\common_primitives\src\vh3_thread_manager.cpp">
<Filter>code\hevc_dec\beamr\make\$(BEAMR_SDK)\common_primitives\src</Filter></ClCompile>
<ClCompile Include="..\..\..\src\hevc_dec_beamr.cpp">
<Filter>code\hevc_dec\beamr\src</Filter></ClCompile>
<ClCompile Include="..\..\..\src\hevc_dec_beamr_impl.cpp">
<Filter>code\hevc_dec\beamr\src</Filter></ClCompile>
<ClCompile Include="..\..\..\src\hevc_dec_beamr_utils.cpp">
<Filter>code\hevc_dec\beamr\src</Filter></ClCompile>
<ClCompile Include="..\..\..\..\hevc_dec_common.cpp">
<Filter>code\hevc_dec</Filter></ClCompile></ItemGroup>
<ItemGroup>
<ClInclude Include="..\..\..\..\..\common\common.h">
<Filter>code\common</Filter></ClInclude>
<ClInclude Include="..\..\..\src\hevc_dec_beamr_impl.h">
<Filter>code\hevc_dec\beamr\src</Filter></ClInclude>
<ClInclude Include="..\..\..\src\hevc_dec_beamr_utils.h">
<Filter>code\hevc_dec\beamr\src</Filter></ClInclude>
<ClInclude Include="..\..\..\..\hevc_dec_api.h">
<Filter>code\hevc_dec</Filter></ClInclude>
<ClInclude Include="..\..\..\..\hevc_dec_common.h">
<Filter>code\hevc_dec</Filter></ClInclude></ItemGroup>
<ItemGroup />
<ItemGroup />
<ItemGroup />
<ItemGroup /></Project>
