Microsoft Visual Studio Solution File, Format Version 12.00
# Visual Studio 2013
Project("{8BC9CEB8-8B4A-11D0-8D11-00A0C91BC942}") = "j2k_dec_comprimato", "j2k_dec_comprimato_2013.vcxproj", "{E5263EB2-D7FA-3B83-916F-0E3222D7DA93}"
EndProject
Global
	GlobalSection(SolutionConfigurationPlatforms) = preSolution
		debug|x64 = debug|x64
		release|x64 = release|x64
	EndGlobalSection
	GlobalSection(ProjectConfigurationPlatforms) = postSolution
		{E5263EB2-D7FA-3B83-916F-0E3222D7DA93}.debug|x64.ActiveCfg = debug|x64
		{E5263EB2-D7FA-3B83-916F-0E3222D7DA93}.debug|x64.Build.0 = debug|x64
		{E5263EB2-D7FA-3B83-916F-0E3222D7DA93}.release|x64.ActiveCfg = release|x64
		{E5263EB2-D7FA-3B83-916F-0E3222D7DA93}.release|x64.Build.0 = release|x64
	EndGlobalSection
	GlobalSection(SolutionProperties) = preSolution
		HideSolutionNode = FALSE
	EndGlobalSection
EndGlobal
