<?xml version="1.0" encoding="utf-8"?>
<Project ToolsVersion="4.0" xmlns="http://schemas.microsoft.com/developer/msbuild/2003">
<ItemGroup>
<Filter Include="code">
<UniqueIdentifier>{cf162038-ec02-32ca-94b6-8c927f3cfc25}</UniqueIdentifier></Filter>
<Filter Include="code\common">
<UniqueIdentifier>{58e986a2-7e7e-314b-93a5-53c87fc426e3}</UniqueIdentifier></Filter>
<Filter Include="code\j2k_dec">
<UniqueIdentifier>{e7b95b62-229f-35d3-8538-347c5c86d501}</UniqueIdentifier></Filter>
<Filter Include="code\j2k_dec\comprimato">
<UniqueIdentifier>{8074377a-0b71-3300-8d86-9bd248acdb34}</UniqueIdentifier></Filter>
<Filter Include="code\j2k_dec\comprimato\src">
<UniqueIdentifier>{264c6eca-9272-39c8-b26c-c9d4a05c0fc7}</UniqueIdentifier></Filter></ItemGroup>
<ItemGroup>
<ClCompile Include="..\..\..\src\j2k_dec_comprimato.cpp">
<Filter>code\j2k_dec\comprimato\src</Filter></ClCompile>
<ClCompile Include="..\..\..\src\j2k_dec_comprimato_plugin.cpp">
<Filter>code\j2k_dec\comprimato\src</Filter></ClCompile></ItemGroup>
<ItemGroup>
<ClInclude Include="..\..\..\..\..\common\common.h">
<Filter>code\common</Filter></ClInclude>
<ClInclude Include="..\..\..\src\j2k_dec_comprimato.h">
<Filter>code\j2k_dec\comprimato\src</Filter></ClInclude>
<ClInclude Include="..\..\..\..\j2k_dec_api.h">
<Filter>code\j2k_dec</Filter></ClInclude></ItemGroup>
<ItemGroup />
<ItemGroup />
<ItemGroup />
<ItemGroup /></Project>
