<?xml version="1.0" encoding="utf-8"?>
<Project ToolsVersion="4.0" xmlns="http://schemas.microsoft.com/developer/msbuild/2003">
<ItemGroup>
<Filter Include="code">
<UniqueIdentifier>{cf162038-ec02-32ca-94b6-8c927f3cfc25}</UniqueIdentifier></Filter>
<Filter Include="code\common">
<UniqueIdentifier>{58e986a2-7e7e-314b-93a5-53c87fc426e3}</UniqueIdentifier></Filter>
<Filter Include="code\hevc_enc">
<UniqueIdentifier>{0ee6e19f-aa96-38d6-997f-98e0dbc14753}</UniqueIdentifier></Filter>
<Filter Include="code\hevc_enc\ffmpeg">
<UniqueIdentifier>{3ca8ee7c-2dbe-3993-9aa5-4ee7ece3ada7}</UniqueIdentifier></Filter>
<Filter Include="code\hevc_enc\ffmpeg\src">
<UniqueIdentifier>{f42f128b-1e8c-3153-b584-f8da2d07e1a1}</UniqueIdentifier></Filter></ItemGroup>
<ItemGroup>
<ClCompile Include="..\..\..\src\hevc_enc_ffmpeg.cpp">
<Filter>code\hevc_enc\ffmpeg\src</Filter></ClCompile>
<ClCompile Include="..\..\..\src\hevc_enc_ffmpeg_utils.cpp">
<Filter>code\hevc_enc\ffmpeg\src</Filter></ClCompile></ItemGroup>
<ItemGroup>
<ClInclude Include="..\..\..\..\..\common\common.h">
<Filter>code\common</Filter></ClInclude>
<ClInclude Include="..\..\..\src\hevc_enc_ffmpeg_utils.h">
<Filter>code\hevc_enc\ffmpeg\src</Filter></ClInclude>
<ClInclude Include="..\..\..\..\hevc_enc_api.h">
<Filter>code\hevc_enc</Filter></ClInclude></ItemGroup>
<ItemGroup />
<ItemGroup />
<ItemGroup />
<ItemGroup /></Project>
