Microsoft Visual Studio Solution File, Format Version 12.00
# Visual Studio 2013
Project("{8BC9CEB8-8B4A-11D0-8D11-00A0C91BC942}") = "hevc_enc_beamr", "hevc_enc_beamr_2013.vcxproj", "{13428ADA-C58C-3FC5-9025-862D069FEFC4}"
EndProject
Global
	GlobalSection(SolutionConfigurationPlatforms) = preSolution
		release|x64 = release|x64
	EndGlobalSection
	GlobalSection(ProjectConfigurationPlatforms) = postSolution
		{13428ADA-C58C-3FC5-9025-862D069FEFC4}.release|x64.ActiveCfg = release|x64
		{13428ADA-C58C-3FC5-9025-862D069FEFC4}.release|x64.Build.0 = release|x64
	EndGlobalSection
	GlobalSection(SolutionProperties) = preSolution
		HideSolutionNode = FALSE
	EndGlobalSection
EndGlobal
